
Microsoft Visual Studio Solution File, Format Version 12.00
Project("{FAE04EC0-301F-11D3-BF4B-00C04F79EFBC}") = "StudyHub.Presentation", "StudyHub.Presentation\StudyHub.Presentation.csproj", "{71E55A2C-A7B1-47AB-B62A-A10CD8BC5351}"
EndProject
Project("{FAE04EC0-301F-11D3-BF4B-00C04F79EFBC}") = "StudyHub.Infrastructure", "StudyHub.Infrastructure\StudyHub.Infrastructure.csproj", "{6564B74F-EBD6-4AE4-906B-20751394EC2A}"
EndProject
Project("{FAE04EC0-301F-11D3-BF4B-00C04F79EFBC}") = "StudyHub.Core", "StudyHub.Core\StudyHub.Core.csproj", "{7A463E28-0FA0-42FD-AB26-5166D0F5D545}"
EndProject
Project("{2150E333-8FDC-42A3-9474-1A3956D46DE8}") = "Solution Items", "Solution Items", "{4FB5F44C-F4B2-4A71-BA64-83B682C99798}"
	ProjectSection(SolutionItems) = preProject
		compose.yaml = compose.yaml
		wait-for-it.sh = wait-for-it.sh
	EndProjectSection
EndProject
Global
	GlobalSection(SolutionConfigurationPlatforms) = preSolution
		Debug|Any CPU = Debug|Any CPU
		Release|Any CPU = Release|Any CPU
	EndGlobalSection
	GlobalSection(ProjectConfigurationPlatforms) = postSolution
		{71E55A2C-A7B1-47AB-B62A-A10CD8BC5351}.Debug|Any CPU.ActiveCfg = Debug|Any CPU
		{71E55A2C-A7B1-47AB-B62A-A10CD8BC5351}.Debug|Any CPU.Build.0 = Debug|Any CPU
		{71E55A2C-A7B1-47AB-B62A-A10CD8BC5351}.Release|Any CPU.ActiveCfg = Release|Any CPU
		{71E55A2C-A7B1-47AB-B62A-A10CD8BC5351}.Release|Any CPU.Build.0 = Release|Any CPU
		{6564B74F-EBD6-4AE4-906B-20751394EC2A}.Debug|Any CPU.ActiveCfg = Debug|Any CPU
		{6564B74F-EBD6-4AE4-906B-20751394EC2A}.Debug|Any CPU.Build.0 = Debug|Any CPU
		{6564B74F-EBD6-4AE4-906B-20751394EC2A}.Release|Any CPU.ActiveCfg = Release|Any CPU
		{6564B74F-EBD6-4AE4-906B-20751394EC2A}.Release|Any CPU.Build.0 = Release|Any CPU
		{7A463E28-0FA0-42FD-AB26-5166D0F5D545}.Debug|Any CPU.ActiveCfg = Debug|Any CPU
		{7A463E28-0FA0-42FD-AB26-5166D0F5D545}.Debug|Any CPU.Build.0 = Debug|Any CPU
		{7A463E28-0FA0-42FD-AB26-5166D0F5D545}.Release|Any CPU.ActiveCfg = Release|Any CPU
		{7A463E28-0FA0-42FD-AB26-5166D0F5D545}.Release|Any CPU.Build.0 = Release|Any CPU
	EndGlobalSection
EndGlobal
